
Microsoft Visual Studio Solution File, Format Version 12.00
# Visual Studio Version 17
VisualStudioVersion = 17.4.33213.308
MinimumVisualStudioVersion = 10.0.40219.1
Project("{FAE04EC0-301F-11D3-BF4B-00C04F79EFBC}") = "ITMO_books", "ITMO_books\ITMO_books.csproj", "{B24422E9-01BB-4AF9-AACD-9DF0D5FB7414}"
EndProject
Global
	GlobalSection(SolutionConfigurationPlatforms) = preSolution
		Debug|Any CPU = Debug|Any CPU
		Release|Any CPU = Release|Any CPU
	EndGlobalSection
	GlobalSection(ProjectConfigurationPlatforms) = postSolution
		{B24422E9-01BB-4AF9-AACD-9DF0D5FB7414}.Debug|Any CPU.ActiveCfg = Debug|Any CPU
		{B24422E9-01BB-4AF9-AACD-9DF0D5FB7414}.Debug|Any CPU.Build.0 = Debug|Any CPU
		{B24422E9-01BB-4AF9-AACD-9DF0D5FB7414}.Release|Any CPU.ActiveCfg = Release|Any CPU
		{B24422E9-01BB-4AF9-AACD-9DF0D5FB7414}.Release|Any CPU.Build.0 = Release|Any CPU
	EndGlobalSection
	GlobalSection(SolutionProperties) = preSolution
		HideSolutionNode = FALSE
	EndGlobalSection
	GlobalSection(ExtensibilityGlobals) = postSolution
		SolutionGuid = {6B9F69FB-6CC8-45BD-B617-DF4B93C686CC}
	EndGlobalSection
EndGlobal
